PODS:
  - BaseRepository (0.2.0)
  - Realm (5.4.0):
    - Realm/Headers (= 5.4.0)
  - Realm/Headers (5.4.0)
  - RealmRepository (0.2.0):
    - BaseRepository
    - RealmSwift
  - RealmSwift (5.4.0):
    - Realm (= 5.4.0)

DEPENDENCIES:
  - RealmRepository (from `../`)

SPEC REPOS:
  trunk:
    - BaseRepository
    - Realm
    - RealmSwift

EXTERNAL SOURCES:
  RealmRepository:
    :path: "../"

SPEC CHECKSUMS:
  BaseRepository: 776b07f26a8a50399cf669147a1e39739e19e098
  Realm: 8949757d76e2451a53d727954c607e49c2542b77
  RealmRepository: 909c4a31fc07c7327a2b3c34582249efafa9cd88
  RealmSwift: 0b7d7121e842724188123c6086831ae6d2952050

PODFILE CHECKSUM: d8b80b67377a17ea5c26f5a8d05d1b783ad154b9

COCOAPODS: 1.9.3
